
Microsoft Visual Studio Solution File, Format Version 12.00
# Visual Studio Version 16
VisualStudioVersion = 16.0.31624.102
MinimumVisualStudioVersion = 10.0.40219.1
Project("{FAE04EC0-301F-11D3-BF4B-00C04F79EFBC}") = "ZipBackup", "ZipBackup\ZipBackup.csproj", "{AD02D8A9-8711-4198-B036-B91410DB9A7C}"
EndProject
Project("{2150E333-8FDC-42A3-9474-1A3956D46DE8}") = "Solution Items", "Solution Items", "{1AEAE0B5-D78D-428D-88A3-09C3A123EF30}"
	ProjectSection(SolutionItems) = preProject
		.editorconfig = .editorconfig
	EndProjectSection
EndProject
Global
	GlobalSection(SolutionConfigurationPlatforms) = preSolution
		Debug|Any CPU = Debug|Any CPU
		Release|Any CPU = Release|Any CPU
	EndGlobalSection
	GlobalSection(ProjectConfigurationPlatforms) = postSolution
		{AD02D8A9-8711-4198-B036-B91410DB9A7C}.Debug|Any CPU.ActiveCfg = Debug|Any CPU
		{AD02D8A9-8711-4198-B036-B91410DB9A7C}.Debug|Any CPU.Build.0 = Debug|Any CPU
		{AD02D8A9-8711-4198-B036-B91410DB9A7C}.Release|Any CPU.ActiveCfg = Release|Any CPU
		{AD02D8A9-8711-4198-B036-B91410DB9A7C}.Release|Any CPU.Build.0 = Release|Any CPU
	EndGlobalSection
	GlobalSection(SolutionProperties) = preSolution
		HideSolutionNode = FALSE
	EndGlobalSection
	GlobalSection(ExtensibilityGlobals) = postSolution
		SolutionGuid = {9DECE969-2C69-4BEF-A6CA-599C4B0AC547}
	EndGlobalSection
EndGlobal
